
Microsoft Visual Studio Solution File, Format Version 12.00
# Visual Studio 2012
Project("{FAE04EC0-301F-11D3-BF4B-00C04F79EFBC}") = "inheritance", "inheritance.csproj", "{8B931192-D35C-4D57-BB97-297F0A2A4FA3}"
EndProject
Global
	GlobalSection(SolutionConfigurationPlatforms) = preSolution
		Debug|Any CPU = Debug|Any CPU
		Release|Any CPU = Release|Any CPU
	EndGlobalSection
	GlobalSection(ProjectConfigurationPlatforms) = postSolution
		{8B931192-D35C-4D57-BB97-297F0A2A4FA3}.Debug|Any CPU.ActiveCfg = Debug|Any CPU
		{8B931192-D35C-4D57-BB97-297F0A2A4FA3}.Debug|Any CPU.Build.0 = Debug|Any CPU
		{8B931192-D35C-4D57-BB97-297F0A2A4FA3}.Release|Any CPU.ActiveCfg = Release|Any CPU
		{8B931192-D35C-4D57-BB97-297F0A2A4FA3}.Release|Any CPU.Build.0 = Release|Any CPU
	EndGlobalSection
EndGlobal
